
Microsoft Visual Studio Solution File, Format Version 12.00
Project("{2150E333-8FDC-42A3-9474-1A3956D46DE8}") = "1. Cloneable", "1. Cloneable", "{B3BBA7A2-0E71-4F55-B939-577A0C3B50D1}"
EndProject
Project("{FAE04EC0-301F-11D3-BF4B-00C04F79EFBC}") = "CloneableApp", "CloneableApp\CloneableApp.csproj", "{58FBF052-9388-467D-86EC-8563365ED36E}"
EndProject
Project("{FAE04EC0-301F-11D3-BF4B-00C04F79EFBC}") = "CloneableSourceGenerator", "CloneableSourceGenerator\CloneableSourceGenerator.csproj", "{662BA205-10D9-48C2-8FFF-38C7A5AA29A0}"
EndProject
Project("{2150E333-8FDC-42A3-9474-1A3956D46DE8}") = "2. Json", "2. Json", "{6A618E53-67BF-46E9-8A23-40A8E9501F6C}"
EndProject
Project("{FAE04EC0-301F-11D3-BF4B-00C04F79EFBC}") = "JsonApp", "JsonApp\JsonApp.csproj", "{C047467E-1255-470F-A416-59D1B9426786}"
EndProject
Project("{FAE04EC0-301F-11D3-BF4B-00C04F79EFBC}") = "JsonSourceGenerator", "JsonSourceGenerator\JsonSourceGenerator.csproj", "{8C544162-4C7B-4CA0-9782-54083EA141E0}"
EndProject
Project("{2150E333-8FDC-42A3-9474-1A3956D46DE8}") = "3. Swagger", "3. Swagger", "{3317419B-1682-42D6-9BAD-0DA1BC6860E7}"
EndProject
Project("{FAE04EC0-301F-11D3-BF4B-00C04F79EFBC}") = "SwaggerApp", "SwaggerApp\SwaggerApp.csproj", "{3C8C6E75-FDD2-4BFB-AF47-E15EE72F5A7F}"
EndProject
Project("{FAE04EC0-301F-11D3-BF4B-00C04F79EFBC}") = "SwaggerSourceGenerator", "SwaggerSourceGenerator\SwaggerSourceGenerator.csproj", "{3B1AAAB0-C627-4FB8-AF89-C3E81CA6F43E}"
EndProject
Project("{2150E333-8FDC-42A3-9474-1A3956D46DE8}") = "0. Hello World", "0. Hello World", "{D87D183C-501A-4E31-A431-ED19ED3AAC05}"
EndProject
Project("{FAE04EC0-301F-11D3-BF4B-00C04F79EFBC}") = "HelloWorldApp", "HelloWorldApp\HelloWorldApp.csproj", "{3823DCD4-0616-43E0-809B-D627A1D77098}"
EndProject
Project("{FAE04EC0-301F-11D3-BF4B-00C04F79EFBC}") = "HelloWorldSourceGenerator", "HelloWorldSourceGenerator\HelloWorldSourceGenerator.csproj", "{44872AC2-C59D-4301-9724-43A560284E44}"
EndProject
Global
	GlobalSection(SolutionConfigurationPlatforms) = preSolution
		Debug|Any CPU = Debug|Any CPU
		Release|Any CPU = Release|Any CPU
	EndGlobalSection
	GlobalSection(ProjectConfigurationPlatforms) = postSolution
		{58FBF052-9388-467D-86EC-8563365ED36E}.Debug|Any CPU.ActiveCfg = Debug|Any CPU
		{58FBF052-9388-467D-86EC-8563365ED36E}.Debug|Any CPU.Build.0 = Debug|Any CPU
		{58FBF052-9388-467D-86EC-8563365ED36E}.Release|Any CPU.ActiveCfg = Release|Any CPU
		{58FBF052-9388-467D-86EC-8563365ED36E}.Release|Any CPU.Build.0 = Release|Any CPU
		{662BA205-10D9-48C2-8FFF-38C7A5AA29A0}.Debug|Any CPU.ActiveCfg = Debug|Any CPU
		{662BA205-10D9-48C2-8FFF-38C7A5AA29A0}.Debug|Any CPU.Build.0 = Debug|Any CPU
		{662BA205-10D9-48C2-8FFF-38C7A5AA29A0}.Release|Any CPU.ActiveCfg = Release|Any CPU
		{662BA205-10D9-48C2-8FFF-38C7A5AA29A0}.Release|Any CPU.Build.0 = Release|Any CPU
		{C047467E-1255-470F-A416-59D1B9426786}.Debug|Any CPU.ActiveCfg = Debug|Any CPU
		{C047467E-1255-470F-A416-59D1B9426786}.Debug|Any CPU.Build.0 = Debug|Any CPU
		{C047467E-1255-470F-A416-59D1B9426786}.Release|Any CPU.ActiveCfg = Release|Any CPU
		{C047467E-1255-470F-A416-59D1B9426786}.Release|Any CPU.Build.0 = Release|Any CPU
		{8C544162-4C7B-4CA0-9782-54083EA141E0}.Debug|Any CPU.ActiveCfg = Debug|Any CPU
		{8C544162-4C7B-4CA0-9782-54083EA141E0}.Debug|Any CPU.Build.0 = Debug|Any CPU
		{8C544162-4C7B-4CA0-9782-54083EA141E0}.Release|Any CPU.ActiveCfg = Release|Any CPU
		{8C544162-4C7B-4CA0-9782-54083EA141E0}.Release|Any CPU.Build.0 = Release|Any CPU
		{3C8C6E75-FDD2-4BFB-AF47-E15EE72F5A7F}.Debug|Any CPU.ActiveCfg = Debug|Any CPU
		{3C8C6E75-FDD2-4BFB-AF47-E15EE72F5A7F}.Debug|Any CPU.Build.0 = Debug|Any CPU
		{3C8C6E75-FDD2-4BFB-AF47-E15EE72F5A7F}.Release|Any CPU.ActiveCfg = Release|Any CPU
		{3C8C6E75-FDD2-4BFB-AF47-E15EE72F5A7F}.Release|Any CPU.Build.0 = Release|Any CPU
		{3B1AAAB0-C627-4FB8-AF89-C3E81CA6F43E}.Debug|Any CPU.ActiveCfg = Debug|Any CPU
		{3B1AAAB0-C627-4FB8-AF89-C3E81CA6F43E}.Debug|Any CPU.Build.0 = Debug|Any CPU
		{3B1AAAB0-C627-4FB8-AF89-C3E81CA6F43E}.Release|Any CPU.ActiveCfg = Release|Any CPU
		{3B1AAAB0-C627-4FB8-AF89-C3E81CA6F43E}.Release|Any CPU.Build.0 = Release|Any CPU
		{3823DCD4-0616-43E0-809B-D627A1D77098}.Debug|Any CPU.ActiveCfg = Debug|Any CPU
		{3823DCD4-0616-43E0-809B-D627A1D77098}.Debug|Any CPU.Build.0 = Debug|Any CPU
		{3823DCD4-0616-43E0-809B-D627A1D77098}.Release|Any CPU.ActiveCfg = Release|Any CPU
		{3823DCD4-0616-43E0-809B-D627A1D77098}.Release|Any CPU.Build.0 = Release|Any CPU
		{44872AC2-C59D-4301-9724-43A560284E44}.Debug|Any CPU.ActiveCfg = Debug|Any CPU
		{44872AC2-C59D-4301-9724-43A560284E44}.Debug|Any CPU.Build.0 = Debug|Any CPU
		{44872AC2-C59D-4301-9724-43A560284E44}.Release|Any CPU.ActiveCfg = Release|Any CPU
		{44872AC2-C59D-4301-9724-43A560284E44}.Release|Any CPU.Build.0 = Release|Any CPU
	EndGlobalSection
	GlobalSection(NestedProjects) = preSolution
		{58FBF052-9388-467D-86EC-8563365ED36E} = {B3BBA7A2-0E71-4F55-B939-577A0C3B50D1}
		{662BA205-10D9-48C2-8FFF-38C7A5AA29A0} = {B3BBA7A2-0E71-4F55-B939-577A0C3B50D1}
		{C047467E-1255-470F-A416-59D1B9426786} = {6A618E53-67BF-46E9-8A23-40A8E9501F6C}
		{8C544162-4C7B-4CA0-9782-54083EA141E0} = {6A618E53-67BF-46E9-8A23-40A8E9501F6C}
		{3C8C6E75-FDD2-4BFB-AF47-E15EE72F5A7F} = {3317419B-1682-42D6-9BAD-0DA1BC6860E7}
		{3B1AAAB0-C627-4FB8-AF89-C3E81CA6F43E} = {3317419B-1682-42D6-9BAD-0DA1BC6860E7}
		{3823DCD4-0616-43E0-809B-D627A1D77098} = {D87D183C-501A-4E31-A431-ED19ED3AAC05}
		{44872AC2-C59D-4301-9724-43A560284E44} = {D87D183C-501A-4E31-A431-ED19ED3AAC05}
	EndGlobalSection
EndGlobal
